
Microsoft Visual Studio Solution File, Format Version 12.00
# Visual Studio Version 16
VisualStudioVersion = 16.0.29009.5
MinimumVisualStudioVersion = 10.0.40219.1
Project("{FAE04EC0-301F-11D3-BF4B-00C04F79EFBC}") = "SkillsTest", "SkillsTest\SkillsTest.csproj", "{DFB6F3F0-F94D-4B42-99E7-D580E5F1E1C2}"
EndProject
Project("{FAE04EC0-301F-11D3-BF4B-00C04F79EFBC}") = "SkillsTest.Tests", "SkillsTest.Tests\SkillsTest.Tests.csproj", "{B69073FE-E36F-4797-988A-77C05DE75E98}"
EndProject
Global
	GlobalSection(SolutionConfigurationPlatforms) = preSolution
		Debug|Any CPU = Debug|Any CPU
		Release|Any CPU = Release|Any CPU
	EndGlobalSection
	GlobalSection(ProjectConfigurationPlatforms) = postSolution
		{DFB6F3F0-F94D-4B42-99E7-D580E5F1E1C2}.Debug|Any CPU.ActiveCfg = Debug|Any CPU
		{DFB6F3F0-F94D-4B42-99E7-D580E5F1E1C2}.Debug|Any CPU.Build.0 = Debug|Any CPU
		{DFB6F3F0-F94D-4B42-99E7-D580E5F1E1C2}.Release|Any CPU.ActiveCfg = Release|Any CPU
		{DFB6F3F0-F94D-4B42-99E7-D580E5F1E1C2}.Release|Any CPU.Build.0 = Release|Any CPU
		{B69073FE-E36F-4797-988A-77C05DE75E98}.Debug|Any CPU.ActiveCfg = Debug|Any CPU
		{B69073FE-E36F-4797-988A-77C05DE75E98}.Debug|Any CPU.Build.0 = Debug|Any CPU
		{B69073FE-E36F-4797-988A-77C05DE75E98}.Release|Any CPU.ActiveCfg = Release|Any CPU
		{B69073FE-E36F-4797-988A-77C05DE75E98}.Release|Any CPU.Build.0 = Release|Any CPU
	EndGlobalSection
	GlobalSection(SolutionProperties) = preSolution
		HideSolutionNode = FALSE
	EndGlobalSection
	GlobalSection(ExtensibilityGlobals) = postSolution
		SolutionGuid = {CBEA896E-521A-4834-A510-83FCF2BA9FF5}
	EndGlobalSection
EndGlobal
